
Microsoft Visual Studio Solution File, Format Version 12.00
# Visual Studio Version 17
VisualStudioVersion = 17.14.36616.10 d17.14
MinimumVisualStudioVersion = 10.0.40219.1
Project("{FAE04EC0-301F-11D3-BF4B-00C04F79EFBC}") = "SGC.Web", "SGC\SGC.Web.csproj", "{9D201A9C-AC35-4530-96AE-1463BA95B1E1}"
EndProject
Project("{FAE04EC0-301F-11D3-BF4B-00C04F79EFBC}") = "SGC.Business", "SGC.Business\SGC.Business.csproj", "{5A1823E3-B0A1-4002-962F-3FEE997AEFF3}"
EndProject
Project("{FAE04EC0-301F-11D3-BF4B-00C04F79EFBC}") = "SGC.Data", "SGC.Data\SGC.Data.csproj", "{6FF64822-7E8B-4422-AFBE-9C15A0B46208}"
EndProject
Global
	GlobalSection(SolutionConfigurationPlatforms) = preSolution
		Debug|Any CPU = Debug|Any CPU
		Release|Any CPU = Release|Any CPU
	EndGlobalSection
	GlobalSection(ProjectConfigurationPlatforms) = postSolution
		{9D201A9C-AC35-4530-96AE-1463BA95B1E1}.Debug|Any CPU.ActiveCfg = Debug|Any CPU
		{9D201A9C-AC35-4530-96AE-1463BA95B1E1}.Debug|Any CPU.Build.0 = Debug|Any CPU
		{9D201A9C-AC35-4530-96AE-1463BA95B1E1}.Release|Any CPU.ActiveCfg = Release|Any CPU
		{9D201A9C-AC35-4530-96AE-1463BA95B1E1}.Release|Any CPU.Build.0 = Release|Any CPU
		{5A1823E3-B0A1-4002-962F-3FEE997AEFF3}.Debug|Any CPU.ActiveCfg = Debug|Any CPU
		{5A1823E3-B0A1-4002-962F-3FEE997AEFF3}.Debug|Any CPU.Build.0 = Debug|Any CPU
		{5A1823E3-B0A1-4002-962F-3FEE997AEFF3}.Release|Any CPU.ActiveCfg = Release|Any CPU
		{5A1823E3-B0A1-4002-962F-3FEE997AEFF3}.Release|Any CPU.Build.0 = Release|Any CPU
		{6FF64822-7E8B-4422-AFBE-9C15A0B46208}.Debug|Any CPU.ActiveCfg = Debug|Any CPU
		{6FF64822-7E8B-4422-AFBE-9C15A0B46208}.Debug|Any CPU.Build.0 = Debug|Any CPU
		{6FF64822-7E8B-4422-AFBE-9C15A0B46208}.Release|Any CPU.ActiveCfg = Release|Any CPU
		{6FF64822-7E8B-4422-AFBE-9C15A0B46208}.Release|Any CPU.Build.0 = Release|Any CPU
	EndGlobalSection
	GlobalSection(SolutionProperties) = preSolution
		HideSolutionNode = FALSE
	EndGlobalSection
	GlobalSection(ExtensibilityGlobals) = postSolution
		SolutionGuid = {74D84254-504A-4D7B-973E-FD1D86049AF7}
	EndGlobalSection
EndGlobal
